// !$*UTF8*$!
{
	archiveVersion = 1;
	classes = {
	};
	objectVersion = 56;
	objects = {

/* Begin PBXBuildFile section */
		B3943D6929DD2CC400A18358 /* Music.swift in Sources */ = {isa = PBXBuildFile; fileRef = B3943D6829DD2CC400A18358 /* Music.swift */; };
		B39E346729C9A7B000934FA5 /* MusicDetailViewController.swift in Sources */ = {isa = PBXBuildFile; fileRef = B39E346629C9A7B000934FA5 /* MusicDetailViewController.swift */; };
		B3A1588829DAB21A00328C67 /* searchMusicWithOffset.swift in Sources */ = {isa = PBXBuildFile; fileRef = B3A1588729DAB21A00328C67 /* searchMusicWithOffset.swift */; };
		B3C6559729C883ED0093BC03 /* AppDelegate.swift in Sources */ = {isa = PBXBuildFile; fileRef = B3C6559629C883ED0093BC03 /* AppDelegate.swift */; };
		B3C6559929C883ED0093BC03 /* SceneDelegate.swift in Sources */ = {isa = PBXBuildFile; fileRef = B3C6559829C883ED0093BC03 /* SceneDelegate.swift */; };
		B3C6559B29C883ED0093BC03 /* MusicSearchViewController.swift in Sources */ = {isa = PBXBuildFile; fileRef = B3C6559A29C883ED0093BC03 /* MusicSearchViewController.swift */; };
		B3C6559E29C883ED0093BC03 /* Main.storyboard in Resources */ = {isa = PBXBuildFile; fileRef = B3C6559C29C883ED0093BC03 /* Main.storyboard */; };
		B3C655A029C883EF0093BC03 /* Assets.xcassets in Resources */ = {isa = PBXBuildFile; fileRef = B3C6559F29C883EF0093BC03 /* Assets.xcassets */; };
		B3C655A329C883EF0093BC03 /* LaunchScreen.storyboard in Resources */ = {isa = PBXBuildFile; fileRef = B3C655A129C883EF0093BC03 /* LaunchScreen.storyboard */; };
		B3C655AE29C883EF0093BC03 /* HWTests.swift in Sources */ = {isa = PBXBuildFile; fileRef = B3C655AD29C883EF0093BC03 /* HWTests.swift */; };
		B3C655B829C883EF0093BC03 /* HWUITests.swift in Sources */ = {isa = PBXBuildFile; fileRef = B3C655B729C883EF0093BC03 /* HWUITests.swift */; };
		B3C655BA29C883EF0093BC03 /* HWUITestsLaunchTests.swift in Sources */ = {isa = PBXBuildFile; fileRef = B3C655B929C883EF0093BC03 /* HWUITestsLaunchTests.swift */; };
		B3DDE8B729DC4EE400D6E3BA /* Kingfisher in Frameworks */ = {isa = PBXBuildFile; productRef = B3DDE8B629DC4EE400D6E3BA /* Kingfisher */; };
		B3DDE8B929DC544100D6E3BA /* trackData.swift in Sources */ = {isa = PBXBuildFile; fileRef = B3DDE8B829DC544100D6E3BA /* trackData.swift */; };
		B3DDE8BB29DC545A00D6E3BA /* trackManager.swift in Sources */ = {isa = PBXBuildFile; fileRef = B3DDE8BA29DC545A00D6E3BA /* trackManager.swift */; };
		B3DDE8BD29DC5FDA00D6E3BA /* decodeTime.swift in Sources */ = {isa = PBXBuildFile; fileRef = B3DDE8BC29DC5FDA00D6E3BA /* decodeTime.swift */; };
		B3DDE8BF29DC616500D6E3BA /* blurImage.swift in Sources */ = {isa = PBXBuildFile; fileRef = B3DDE8BE29DC616500D6E3BA /* blurImage.swift */; };
/* End PBXBuildFile section */

/* Begin PBXContainerItemProxy section */
		B3C655AA29C883EF0093BC03 /* PBXContainerItemProxy */ = {
			isa = PBXContainerItemProxy;
			containerPortal = B3C6558B29C883ED0093BC03 /* Project object */;
			proxyType = 1;
			remoteGlobalIDString = B3C6559229C883ED0093BC03;
			remoteInfo = HW;
		};
		B3C655B429C883EF0093BC03 /* PBXContainerItemProxy */ = {
			isa = PBXContainerItemProxy;
			containerPortal = B3C6558B29C883ED0093BC03 /* Project object */;
			proxyType = 1;
			remoteGlobalIDString = B3C6559229C883ED0093BC03;
			remoteInfo = HW;
		};
/* End PBXContainerItemProxy section */

/* Begin PBXFileReference section */
		B3943D6829DD2CC400A18358 /* Music.swift */ = {isa = PBXFileReference; lastKnownFileType = sourcecode.swift; path = Music.swift; sourceTree = "<group>"; };
		B39E346429C9974300934FA5 /* IQKeyboardManager-master */ = {isa = PBXFileReference; lastKnownFileType = wrapper; path = "IQKeyboardManager-master"; sourceTree = "<group>"; };
		B39E346629C9A7B000934FA5 /* MusicDetailViewController.swift */ = {isa = PBXFileReference; lastKnownFileType = sourcecode.swift; path = MusicDetailViewController.swift; sourceTree = "<group>"; };
		B3A1588729DAB21A00328C67 /* searchMusicWithOffset.swift */ = {isa = PBXFileReference; lastKnownFileType = sourcecode.swift; path = searchMusicWithOffset.swift; sourceTree = "<group>"; };
		B3C6559329C883ED0093BC03 /* HW.app */ = {isa = PBXFileReference; explicitFileType = wrapper.application; includeInIndex = 0; path = HW.app; sourceTree = BUILT_PRODUCTS_DIR; };
		B3C6559629C883ED0093BC03 /* AppDelegate.swift */ = {isa = PBXFileReference; lastKnownFileType = sourcecode.swift; path = AppDelegate.swift; sourceTree = "<group>"; };
		B3C6559829C883ED0093BC03 /* SceneDelegate.swift */ = {isa = PBXFileReference; lastKnownFileType = sourcecode.swift; path = SceneDelegate.swift; sourceTree = "<group>"; };
		B3C6559A29C883ED0093BC03 /* MusicSearchViewController.swift */ = {isa = PBXFileReference; lastKnownFileType = sourcecode.swift; path = MusicSearchViewController.swift; sourceTree = "<group>"; };
		B3C6559D29C883ED0093BC03 /* Base */ = {isa = PBXFileReference; lastKnownFileType = file.storyboard; name = Base; path = Base.lproj/Main.storyboard; sourceTree = "<group>"; };
		B3C6559F29C883EF0093BC03 /* Assets.xcassets */ = {isa = PBXFileReference; lastKnownFileType = folder.assetcatalog; path = Assets.xcassets; sourceTree = "<group>"; };
		B3C655A229C883EF0093BC03 /* Base */ = {isa = PBXFileReference; lastKnownFileType = file.storyboard; name = Base; path = Base.lproj/LaunchScreen.storyboard; sourceTree = "<group>"; };
		B3C655A429C883EF0093BC03 /* Info.plist */ = {isa = PBXFileReference; lastKnownFileType = text.plist.xml; path = Info.plist; sourceTree = "<group>"; };
		B3C655A929C883EF0093BC03 /* HWTests.xctest */ = {isa = PBXFileReference; explicitFileType = wrapper.cfbundle; includeInIndex = 0; path = HWTests.xctest; sourceTree = BUILT_PRODUCTS_DIR; };
		B3C655AD29C883EF0093BC03 /* HWTests.swift */ = {isa = PBXFileReference; lastKnownFileType = sourcecode.swift; path = HWTests.swift; sourceTree = "<group>"; };
		B3C655B329C883EF0093BC03 /* HWUITests.xctest */ = {isa = PBXFileReference; explicitFileType = wrapper.cfbundle; includeInIndex = 0; path = HWUITests.xctest; sourceTree = BUILT_PRODUCTS_DIR; };
		B3C655B729C883EF0093BC03 /* HWUITests.swift */ = {isa = PBXFileReference; lastKnownFileType = sourcecode.swift; path = HWUITests.swift; sourceTree = "<group>"; };
		B3C655B929C883EF0093BC03 /* HWUITestsLaunchTests.swift */ = {isa = PBXFileReference; lastKnownFileType = sourcecode.swift; path = HWUITestsLaunchTests.swift; sourceTree = "<group>"; };
		B3DDE8B829DC544100D6E3BA /* trackData.swift */ = {isa = PBXFileReference; lastKnownFileType = sourcecode.swift; path = trackData.swift; sourceTree = "<group>"; };
		B3DDE8BA29DC545A00D6E3BA /* trackManager.swift */ = {isa = PBXFileReference; lastKnownFileType = sourcecode.swift; path = trackManager.swift; sourceTree = "<group>"; };
		B3DDE8BC29DC5FDA00D6E3BA /* decodeTime.swift */ = {isa = PBXFileReference; lastKnownFileType = sourcecode.swift; path = decodeTime.swift; sourceTree = "<group>"; };
		B3DDE8BE29DC616500D6E3BA /* blurImage.swift */ = {isa = PBXFileReference; lastKnownFileType = sourcecode.swift; path = blurImage.swift; sourceTree = "<group>"; };
/* End PBXFileReference section */

/* Begin PBXFrameworksBuildPhase section */
		B3C6559029C883ED0093BC03 /* Frameworks */ = {
			isa = PBXFrameworksBuildPhase;
			buildActionMask = 2147483647;
			files = (
				B3DDE8B729DC4EE400D6E3BA /* Kingfisher in Frameworks */,
			);
			runOnlyForDeploymentPostprocessing = 0;
		};
		B3C655A629C883EF0093BC03 /* Frameworks */ = {
			isa = PBXFrameworksBuildPhase;
			buildActionMask = 2147483647;
			files = (
			);
			runOnlyForDeploymentPostprocessing = 0;
		};
		B3C655B029C883EF0093BC03 /* Frameworks */ = {
			isa = PBXFrameworksBuildPhase;
			buildActionMask = 2147483647;
			files = (
			);
			runOnlyForDeploymentPostprocessing = 0;
		};
/* End PBXFrameworksBuildPhase section */

/* Begin PBXGroup section */
		B3943D6429DD2A4000A18358 /* Model */ = {
			isa = PBXGroup;
			children = (
				B3DDE8BC29DC5FDA00D6E3BA /* decodeTime.swift */,
				B3943D6829DD2CC400A18358 /* Music.swift */,
				B3DDE8BE29DC616500D6E3BA /* blurImage.swift */,
				B3DDE8B829DC544100D6E3BA /* trackData.swift */,
				B3DDE8BA29DC545A00D6E3BA /* trackManager.swift */,
				B3A1588729DAB21A00328C67 /* searchMusicWithOffset.swift */,
			);
			path = Model;
			sourceTree = "<group>";
		};
		B3943D6629DD2A5200A18358 /* View */ = {
			isa = PBXGroup;
			children = (
				B3C6559C29C883ED0093BC03 /* Main.storyboard */,
				B3C655A129C883EF0093BC03 /* LaunchScreen.storyboard */,
			);
			path = View;
			sourceTree = "<group>";
		};
		B3943D6729DD2A5900A18358 /* Controller */ = {
			isa = PBXGroup;
			children = (
				B39E346629C9A7B000934FA5 /* MusicDetailViewController.swift */,
				B3C6559A29C883ED0093BC03 /* MusicSearchViewController.swift */,
			);
			path = Controller;
			sourceTree = "<group>";
		};
		B39E346329C9974300934FA5 /* Packages */ = {
			isa = PBXGroup;
			children = (
				B39E346429C9974300934FA5 /* IQKeyboardManager-master */,
			);
			name = Packages;
			sourceTree = "<group>";
		};
		B3C6558A29C883ED0093BC03 = {
			isa = PBXGroup;
			children = (
				B39E346329C9974300934FA5 /* Packages */,
				B3C6559529C883ED0093BC03 /* HW */,
				B3C655AC29C883EF0093BC03 /* HWTests */,
				B3C655B629C883EF0093BC03 /* HWUITests */,
				B3C6559429C883ED0093BC03 /* Products */,
			);
			sourceTree = "<group>";
		};
		B3C6559429C883ED0093BC03 /* Products */ = {
			isa = PBXGroup;
			children = (
				B3C6559329C883ED0093BC03 /* HW.app */,
				B3C655A929C883EF0093BC03 /* HWTests.xctest */,
				B3C655B329C883EF0093BC03 /* HWUITests.xctest */,
			);
			name = Products;
			sourceTree = "<group>";
		};
		B3C6559529C883ED0093BC03 /* HW */ = {
			isa = PBXGroup;
			children = (
				B3943D6429DD2A4000A18358 /* Model */,
				B3943D6629DD2A5200A18358 /* View */,
				B3943D6729DD2A5900A18358 /* Controller */,
				B3C6559629C883ED0093BC03 /* AppDelegate.swift */,
				B3C6559829C883ED0093BC03 /* SceneDelegate.swift */,
				B3C6559F29C883EF0093BC03 /* Assets.xcassets */,
				B3C655A429C883EF0093BC03 /* Info.plist */,
			);
			path = HW;
			sourceTree = "<group>";
		};
		B3C655AC29C883EF0093BC03 /* HWTests */ = {
			isa = PBXGroup;
			children = (
				B3C655AD29C883EF0093BC03 /* HWTests.swift */,
			);
			path = HWTests;
			sourceTree = "<group>";
		};
		B3C655B629C883EF0093BC03 /* HWUITests */ = {
			isa = PBXGroup;
			children = (
				B3C655B729C883EF0093BC03 /* HWUITests.swift */,
				B3C655B929C883EF0093BC03 /* HWUITestsLaunchTests.swift */,
			);
			path = HWUITests;
			sourceTree = "<group>";
		};
/* End PBXGroup section */

/* Begin PBXNativeTarget section */
		B3C6559229C883ED0093BC03 /* HW */ = {
			isa = PBXNativeTarget;
			buildConfigurationList = B3C655BD29C883EF0093BC03 /* Build configuration list for PBXNativeTarget "HW" */;
			buildPhases = (
				B3C6558F29C883ED0093BC03 /* Sources */,
				B3C6559029C883ED0093BC03 /* Frameworks */,
				B3C6559129C883ED0093BC03 /* Resources */,
			);
			buildRules = (
			);
			dependencies = (
			);
			name = HW;
			packageProductDependencies = (
				B3DDE8B629DC4EE400D6E3BA /* Kingfisher */,
			);
			productName = HW;
			productReference = B3C6559329C883ED0093BC03 /* HW.app */;
			productType = "com.apple.product-type.application";
		};
		B3C655A829C883EF0093BC03 /* HWTests */ = {
			isa = PBXNativeTarget;
			buildConfigurationList = B3C655C029C883EF0093BC03 /* Build configuration list for PBXNativeTarget "HWTests" */;
			buildPhases = (
				B3C655A529C883EF0093BC03 /* Sources */,
				B3C655A629C883EF0093BC03 /* Frameworks */,
				B3C655A729C883EF0093BC03 /* Resources */,
			);
			buildRules = (
			);
			dependencies = (
				B3C655AB29C883EF0093BC03 /* PBXTargetDependency */,
			);
			name = HWTests;
			productName = HWTests;
			productReference = B3C655A929C883EF0093BC03 /* HWTests.xctest */;
			productType = "com.apple.product-type.bundle.unit-test";
		};
		B3C655B229C883EF0093BC03 /* HWUITests */ = {
			isa = PBXNativeTarget;
			buildConfigurationList = B3C655C329C883EF0093BC03 /* Build configuration list for PBXNativeTarget "HWUITests" */;
			buildPhases = (
				B3C655AF29C883EF0093BC03 /* Sources */,
				B3C655B029C883EF0093BC03 /* Frameworks */,
				B3C655B129C883EF0093BC03 /* Resources */,
			);
			buildRules = (
			);
			dependencies = (
				B3C655B529C883EF0093BC03 /* PBXTargetDependency */,
			);
			name = HWUITests;
			productName = HWUITests;
			productReference = B3C655B329C883EF0093BC03 /* HWUITests.xctest */;
			productType = "com.apple.product-type.bundle.ui-testing";
		};
/* End PBXNativeTarget section */

/* Begin PBXProject section */
		B3C6558B29C883ED0093BC03 /* Project object */ = {
			isa = PBXProject;
			attributes = {
				BuildIndependentTargetsInParallel = 1;
				LastSwiftUpdateCheck = 1420;
				LastUpgradeCheck = 1420;
				TargetAttributes = {
					B3C6559229C883ED0093BC03 = {
						CreatedOnToolsVersion = 14.2;
					};
					B3C655A829C883EF0093BC03 = {
						CreatedOnToolsVersion = 14.2;
						TestTargetID = B3C6559229C883ED0093BC03;
					};
					B3C655B229C883EF0093BC03 = {
						CreatedOnToolsVersion = 14.2;
						TestTargetID = B3C6559229C883ED0093BC03;
					};
				};
			};
			buildConfigurationList = B3C6558E29C883ED0093BC03 /* Build configuration list for PBXProject "HW" */;
			compatibilityVersion = "Xcode 14.0";
			developmentRegion = en;
			hasScannedForEncodings = 0;
			knownRegions = (
				en,
				Base,
			);
			mainGroup = B3C6558A29C883ED0093BC03;
			packageReferences = (
				B39E346529C9980B00934FA5 /* XCRemoteSwiftPackageReference "IQKeyboardManager" */,
				B3DDE8B529DC4EE400D6E3BA /* XCRemoteSwiftPackageReference "Kingfisher" */,
			);
			productRefGroup = B3C6559429C883ED0093BC03 /* Products */;
			projectDirPath = "";
			projectRoot = "";
			targets = (
				B3C6559229C883ED0093BC03 /* HW */,
				B3C655A829C883EF0093BC03 /* HWTests */,
				B3C655B229C883EF0093BC03 /* HWUITests */,
			);
		};
/* End PBXProject section */

/* Begin PBXResourcesBuildPhase section */
		B3C6559129C883ED0093BC03 /* Resources */ = {
			isa = PBXResourcesBuildPhase;
			buildActionMask = 2147483647;
			files = (
				B3C655A329C883EF0093BC03 /* LaunchScreen.storyboard in Resources */,
				B3C655A029C883EF0093BC03 /* Assets.xcassets in Resources */,
				B3C6559E29C883ED0093BC03 /* Main.storyboard in Resources */,
			);
			runOnlyForDeploymentPostprocessing = 0;
		};
		B3C655A729C883EF0093BC03 /* Resources */ = {
			isa = PBXResourcesBuildPhase;
			buildActionMask = 2147483647;
			files = (
			);
			runOnlyForDeploymentPostprocessing = 0;
		};
		B3C655B129C883EF0093BC03 /* Resources */ = {
			isa = PBXResourcesBuildPhase;
			buildActionMask = 2147483647;
			files = (
			);
			runOnlyForDeploymentPostprocessing = 0;
		};
/* End PBXResourcesBuildPhase section */

/* Begin PBXSourcesBuildPhase section */
		B3C6558F29C883ED0093BC03 /* Sources */ = {
			isa = PBXSourcesBuildPhase;
			buildActionMask = 2147483647;
			files = (
				B3C6559B29C883ED0093BC03 /* MusicSearchViewController.swift in Sources */,
				B39E346729C9A7B000934FA5 /* MusicDetailViewController.swift in Sources */,
				B3C6559729C883ED0093BC03 /* AppDelegate.swift in Sources */,
				B3DDE8BF29DC616500D6E3BA /* blurImage.swift in Sources */,
				B3DDE8B929DC544100D6E3BA /* trackData.swift in Sources */,
				B3DDE8BB29DC545A00D6E3BA /* trackManager.swift in Sources */,
				B3A1588829DAB21A00328C67 /* searchMusicWithOffset.swift in Sources */,
				B3943D6929DD2CC400A18358 /* Music.swift in Sources */,
				B3DDE8BD29DC5FDA00D6E3BA /* decodeTime.swift in Sources */,
				B3C6559929C883ED0093BC03 /* SceneDelegate.swift in Sources */,
			);
			runOnlyForDeploymentPostprocessing = 0;
		};
		B3C655A529C883EF0093BC03 /* Sources */ = {
			isa = PBXSourcesBuildPhase;
			buildActionMask = 2147483647;
			files = (
				B3C655AE29C883EF0093BC03 /* HWTests.swift in Sources */,
			);
			runOnlyForDeploymentPostprocessing = 0;
		};
		B3C655AF29C883EF0093BC03 /* Sources */ = {
			isa = PBXSourcesBuildPhase;
			buildActionMask = 2147483647;
			files = (
				B3C655B829C883EF0093BC03 /* HWUITests.swift in Sources */,
				B3C655BA29C883EF0093BC03 /* HWUITestsLaunchTests.swift in Sources */,
			);
			runOnlyForDeploymentPostprocessing = 0;
		};
/* End PBXSourcesBuildPhase section */

/* Begin PBXTargetDependency section */
		B3C655AB29C883EF0093BC03 /* PBXTargetDependency */ = {
			isa = PBXTargetDependency;
			target = B3C6559229C883ED0093BC03 /* HW */;
			targetProxy = B3C655AA29C883EF0093BC03 /* PBXContainerItemProxy */;
		};
		B3C655B529C883EF0093BC03 /* PBXTargetDependency */ = {
			isa = PBXTargetDependency;
			target = B3C6559229C883ED0093BC03 /* HW */;
			targetProxy = B3C655B429C883EF0093BC03 /* PBXContainerItemProxy */;
		};
/* End PBXTargetDependency section */

/* Begin PBXVariantGroup section */
		B3C6559C29C883ED0093BC03 /* Main.storyboard */ = {
			isa = PBXVariantGroup;
			children = (
				B3C6559D29C883ED0093BC03 /* Base */,
			);
			name = Main.storyboard;
			sourceTree = "<group>";
		};
		B3C655A129C883EF0093BC03 /* LaunchScreen.storyboard */ = {
			isa = PBXVariantGroup;
			children = (
				B3C655A229C883EF0093BC03 /* Base */,
			);
			name = LaunchScreen.storyboard;
			sourceTree = "<group>";
		};
/* End PBXVariantGroup section */

/* Begin XCBuildConfiguration section */
		B3C655BB29C883EF0093BC03 /* Debug */ = {
			isa = XCBuildConfiguration;
			buildSettings = {
				ALWAYS_SEARCH_USER_PATHS = NO;
				CLANG_ANALYZER_NONNULL = YES;
				CLANG_ANALYZER_NUMBER_OBJECT_CONVERSION = YES_AGGRESSIVE;
				CLANG_CXX_LANGUAGE_STANDARD = "gnu++20";
				CLANG_ENABLE_MODULES = YES;
				CLANG_ENABLE_OBJC_ARC = YES;
				CLANG_ENABLE_OBJC_WEAK = YES;
				CLANG_WARN_BLOCK_CAPTURE_AUTORELEASING = YES;
				CLANG_WARN_BOOL_CONVERSION = YES;
				CLANG_WARN_COMMA = YES;
				CLANG_WARN_CONSTANT_CONVERSION = YES;
				CLANG_WARN_DEPRECATED_OBJC_IMPLEMENTATIONS = YES;
				CLANG_WARN_DIRECT_OBJC_ISA_USAGE = YES_ERROR;
				CLANG_WARN_DOCUMENTATION_COMMENTS = YES;
				CLANG_WARN_EMPTY_BODY = YES;
				CLANG_WARN_ENUM_CONVERSION = YES;
				CLANG_WARN_INFINITE_RECURSION = YES;
				CLANG_WARN_INT_CONVERSION = YES;
				CLANG_WARN_NON_LITERAL_NULL_CONVERSION = YES;
				CLANG_WARN_OBJC_IMPLICIT_RETAIN_SELF = YES;
				CLANG_WARN_OBJC_LITERAL_CONVERSION = YES;
				CLANG_WARN_OBJC_ROOT_CLASS = YES_ERROR;
				CLANG_WARN_QUOTED_INCLUDE_IN_FRAMEWORK_HEADER = YES;
				CLANG_WARN_RANGE_LOOP_ANALYSIS = YES;
				CLANG_WARN_STRICT_PROTOTYPES = YES;
				CLANG_WARN_SUSPICIOUS_MOVE = YES;
				CLANG_WARN_UNGUARDED_AVAILABILITY = YES_AGGRESSIVE;
				CLANG_WARN_UNREACHABLE_CODE = YES;
				CLANG_WARN__DUPLICATE_METHOD_MATCH = YES;
				COPY_PHASE_STRIP = NO;
				DEBUG_INFORMATION_FORMAT = dwarf;
				ENABLE_STRICT_OBJC_MSGSEND = YES;
				ENABLE_TESTABILITY = YES;
				GCC_C_LANGUAGE_STANDARD = gnu11;
				GCC_DYNAMIC_NO_PIC = NO;
				GCC_NO_COMMON_BLOCKS = YES;
				GCC_OPTIMIZATION_LEVEL = 0;
				GCC_PREPROCESSOR_DEFINITIONS = (
					"DEBUG=1",
					"$(inherited)",
				);
				GCC_WARN_64_TO_32_BIT_CONVERSION = YES;
				GCC_WARN_ABOUT_RETURN_TYPE = YES_ERROR;
				GCC_WARN_UNDECLARED_SELECTOR = YES;
				GCC_WARN_UNINITIALIZED_AUTOS = YES_AGGRESSIVE;
				GCC_WARN_UNUSED_FUNCTION = YES;
				GCC_WARN_UNUSED_VARIABLE = YES;
				IPHONEOS_DEPLOYMENT_TARGET = 16.2;
				MTL_ENABLE_DEBUG_INFO = INCLUDE_SOURCE;
				MTL_FAST_MATH = YES;
				ONLY_ACTIVE_ARCH = YES;
				SDKROOT = iphoneos;
				SWIFT_ACTIVE_COMPILATION_CONDITIONS = DEBUG;
				SWIFT_OPTIMIZATION_LEVEL = "-Onone";
			};
			name = Debug;
		};
		B3C655BC29C883EF0093BC03 /* Release */ = {
			isa = XCBuildConfiguration;
			buildSettings = {
				ALWAYS_SEARCH_USER_PATHS = NO;
				CLANG_ANALYZER_NONNULL = YES;
				CLANG_ANALYZER_NUMBER_OBJECT_CONVERSION = YES_AGGRESSIVE;
				CLANG_CXX_LANGUAGE_STANDARD = "gnu++20";
				CLANG_ENABLE_MODULES = YES;
				CLANG_ENABLE_OBJC_ARC = YES;
				CLANG_ENABLE_OBJC_WEAK = YES;
				CLANG_WARN_BLOCK_CAPTURE_AUTORELEASING = YES;
				CLANG_WARN_BOOL_CONVERSION = YES;
				CLANG_WARN_COMMA = YES;
				CLANG_WARN_CONSTANT_CONVERSION = YES;
				CLANG_WARN_DEPRECATED_OBJC_IMPLEMENTATIONS = YES;
				CLANG_WARN_DIRECT_OBJC_ISA_USAGE = YES_ERROR;
				CLANG_WARN_DOCUMENTATION_COMMENTS = YES;
				CLANG_WARN_EMPTY_BODY = YES;
				CLANG_WARN_ENUM_CONVERSION = YES;
				CLANG_WARN_INFINITE_RECURSION = YES;
				CLANG_WARN_INT_CONVERSION = YES;
				CLANG_WARN_NON_LITERAL_NULL_CONVERSION = YES;
				CLANG_WARN_OBJC_IMPLICIT_RETAIN_SELF = YES;
				CLANG_WARN_OBJC_LITERAL_CONVERSION = YES;
				CLANG_WARN_OBJC_ROOT_CLASS = YES_ERROR;
				CLANG_WARN_QUOTED_INCLUDE_IN_FRAMEWORK_HEADER = YES;
				CLANG_WARN_RANGE_LOOP_ANALYSIS = YES;
				CLANG_WARN_STRICT_PROTOTYPES = YES;
				CLANG_WARN_SUSPICIOUS_MOVE = YES;
				CLANG_WARN_UNGUARDED_AVAILABILITY = YES_AGGRESSIVE;
				CLANG_WARN_UNREACHABLE_CODE = YES;
				CLANG_WARN__DUPLICATE_METHOD_MATCH = YES;
				COPY_PHASE_STRIP = NO;
				DEBUG_INFORMATION_FORMAT = "dwarf-with-dsym";
				ENABLE_NS_ASSERTIONS = NO;
				ENABLE_STRICT_OBJC_MSGSEND = YES;
				GCC_C_LANGUAGE_STANDARD = gnu11;
				GCC_NO_COMMON_BLOCKS = YES;
				GCC_WARN_64_TO_32_BIT_CONVERSION = YES;
				GCC_WARN_ABOUT_RETURN_TYPE = YES_ERROR;
				GCC_WARN_UNDECLARED_SELECTOR = YES;
				GCC_WARN_UNINITIALIZED_AUTOS = YES_AGGRESSIVE;
				GCC_WARN_UNUSED_FUNCTION = YES;
				GCC_WARN_UNUSED_VARIABLE = YES;
				IPHONEOS_DEPLOYMENT_TARGET = 16.2;
				MTL_ENABLE_DEBUG_INFO = NO;
				MTL_FAST_MATH = YES;
				SDKROOT = iphoneos;
				SWIFT_COMPILATION_MODE = wholemodule;
				SWIFT_OPTIMIZATION_LEVEL = "-O";
				VALIDATE_PRODUCT = YES;
			};
			name = Release;
		};
		B3C655BE29C883EF0093BC03 /* Debug */ = {
			isa = XCBuildConfiguration;
			buildSettings = {
				ASSETCATALOG_COMPILER_APPICON_NAME = AppIcon;
				ASSETCATALOG_COMPILER_GLOBAL_ACCENT_COLOR_NAME = AccentColor;
				CODE_SIGN_STYLE = Automatic;
				CURRENT_PROJECT_VERSION = 1;
				GENERATE_INFOPLIST_FILE = YES;
				INFOPLIST_FILE = HW/Info.plist;
				INFOPLIST_KEY_UIApplicationSupportsIndirectInputEvents = YES;
				INFOPLIST_KEY_UILaunchStoryboardName = LaunchScreen;
				INFOPLIST_KEY_UIMainStoryboardFile = Main;
				INFOPLIST_KEY_UISupportedInterfaceOrientations_iPad = "UIInterfaceOrientationPortrait UIInterfaceOrientationPortraitUpsideDown UIInterfaceOrientationLandscapeLeft UIInterfaceOrientationLandscapeRight";
				INFOPLIST_KEY_UISupportedInterfaceOrientations_iPhone = "UIInterfaceOrientationPortrait UIInterfaceOrientationLandscapeLeft UIInterfaceOrientationLandscapeRight";
				LD_RUNPATH_SEARCH_PATHS = (
					"$(inherited)",
					"@executable_path/Frameworks",
				);
				MARKETING_VERSION = 1.0;
				PRODUCT_BUNDLE_IDENTIFIER = "yu-yo-lui.HW";
				PRODUCT_NAME = "$(TARGET_NAME)";
				SWIFT_EMIT_LOC_STRINGS = YES;
				SWIFT_VERSION = 5.0;
				TARGETED_DEVICE_FAMILY = "1,2";
			};
			name = Debug;
		};
		B3C655BF29C883EF0093BC03 /* Release */ = {
			isa = XCBuildConfiguration;
			buildSettings = {
				ASSETCATALOG_COMPILER_APPICON_NAME = AppIcon;
				ASSETCATALOG_COMPILER_GLOBAL_ACCENT_COLOR_NAME = AccentColor;
				CODE_SIGN_STYLE = Automatic;
				CURRENT_PROJECT_VERSION = 1;
				GENERATE_INFOPLIST_FILE = YES;
				INFOPLIST_FILE = HW/Info.plist;
				INFOPLIST_KEY_UIApplicationSupportsIndirectInputEvents = YES;
				INFOPLIST_KEY_UILaunchStoryboardName = LaunchScreen;
				INFOPLIST_KEY_UIMainStoryboardFile = Main;
				INFOPLIST_KEY_UISupportedInterfaceOrientations_iPad = "UIInterfaceOrientationPortrait UIInterfaceOrientationPortraitUpsideDown UIInterfaceOrientationLandscapeLeft UIInterfaceOrientationLandscapeRight";
				INFOPLIST_KEY_UISupportedInterfaceOrientations_iPhone = "UIInterfaceOrientationPortrait UIInterfaceOrientationLandscapeLeft UIInterfaceOrientationLandscapeRight";
				LD_RUNPATH_SEARCH_PATHS = (
					"$(inherited)",
					"@executable_path/Frameworks",
				);
				MARKETING_VERSION = 1.0;
				PRODUCT_BUNDLE_IDENTIFIER = "yu-yo-lui.HW";
				PRODUCT_NAME = "$(TARGET_NAME)";
				SWIFT_EMIT_LOC_STRINGS = YES;
				SWIFT_VERSION = 5.0;
				TARGETED_DEVICE_FAMILY = "1,2";
			};
			name = Release;
		};
		B3C655C129C883EF0093BC03 /* Debug */ = {
			isa = XCBuildConfiguration;
			buildSettings = {
				ALWAYS_EMBED_SWIFT_STANDARD_LIBRARIES = YES;
				BUNDLE_LOADER = "$(TEST_HOST)";
				CODE_SIGN_STYLE = Automatic;
				CURRENT_PROJECT_VERSION = 1;
				GENERATE_INFOPLIST_FILE = YES;
				IPHONEOS_DEPLOYMENT_TARGET = 16.2;
				MARKETING_VERSION = 1.0;
				PRODUCT_BUNDLE_IDENTIFIER = "yu-yo-lui.HWTests";
				PRODUCT_NAME = "$(TARGET_NAME)";
				SWIFT_EMIT_LOC_STRINGS = NO;
				SWIFT_VERSION = 5.0;
				TARGETED_DEVICE_FAMILY = "1,2";
				TEST_HOST = "$(BUILT_PRODUCTS_DIR)/HW.app/$(BUNDLE_EXECUTABLE_FOLDER_PATH)/HW";
			};
			name = Debug;
		};
		B3C655C229C883EF0093BC03 /* Release */ = {
			isa = XCBuildConfiguration;
			buildSettings = {
				ALWAYS_EMBED_SWIFT_STANDARD_LIBRARIES = YES;
				BUNDLE_LOADER = "$(TEST_HOST)";
				CODE_SIGN_STYLE = Automatic;
				CURRENT_PROJECT_VERSION = 1;
				GENERATE_INFOPLIST_FILE = YES;
				IPHONEOS_DEPLOYMENT_TARGET = 16.2;
				MARKETING_VERSION = 1.0;
				PRODUCT_BUNDLE_IDENTIFIER = "yu-yo-lui.HWTests";
				PRODUCT_NAME = "$(TARGET_NAME)";
				SWIFT_EMIT_LOC_STRINGS = NO;
				SWIFT_VERSION = 5.0;
				TARGETED_DEVICE_FAMILY = "1,2";
				TEST_HOST = "$(BUILT_PRODUCTS_DIR)/HW.app/$(BUNDLE_EXECUTABLE_FOLDER_PATH)/HW";
			};
			name = Release;
		};
		B3C655C429C883EF0093BC03 /* Debug */ = {
			isa = XCBuildConfiguration;
			buildSettings = {
				ALWAYS_EMBED_SWIFT_STANDARD_LIBRARIES = YES;
				CODE_SIGN_STYLE = Automatic;
				CURRENT_PROJECT_VERSION = 1;
				GENERATE_INFOPLIST_FILE = YES;
				MARKETING_VERSION = 1.0;
				PRODUCT_BUNDLE_IDENTIFIER = "yu-yo-lui.HWUITests";
				PRODUCT_NAME = "$(TARGET_NAME)";
				SWIFT_EMIT_LOC_STRINGS = NO;
				SWIFT_VERSION = 5.0;
				TARGETED_DEVICE_FAMILY = "1,2";
				TEST_TARGET_NAME = HW;
			};
			name = Debug;
		};
		B3C655C529C883EF0093BC03 /* Release */ = {
			isa = XCBuildConfiguration;
			buildSettings = {
				ALWAYS_EMBED_SWIFT_STANDARD_LIBRARIES = YES;
				CODE_SIGN_STYLE = Automatic;
				CURRENT_PROJECT_VERSION = 1;
				GENERATE_INFOPLIST_FILE = YES;
				MARKETING_VERSION = 1.0;
				PRODUCT_BUNDLE_IDENTIFIER = "yu-yo-lui.HWUITests";
				PRODUCT_NAME = "$(TARGET_NAME)";
				SWIFT_EMIT_LOC_STRINGS = NO;
				SWIFT_VERSION = 5.0;
				TARGETED_DEVICE_FAMILY = "1,2";
				TEST_TARGET_NAME = HW;
			};
			name = Release;
		};
/* End XCBuildConfiguration section */

/* Begin XCConfigurationList section */
		B3C6558E29C883ED0093BC03 /* Build configuration list for PBXProject "HW" */ = {
			isa = XCConfigurationList;
			buildConfigurations = (
				B3C655BB29C883EF0093BC03 /* Debug */,
				B3C655BC29C883EF0093BC03 /* Release */,
			);
			defaultConfigurationIsVisible = 0;
			defaultConfigurationName = Release;
		};
		B3C655BD29C883EF0093BC03 /* Build configuration list for PBXNativeTarget "HW" */ = {
			isa = XCConfigurationList;
			buildConfigurations = (
				B3C655BE29C883EF0093BC03 /* Debug */,
				B3C655BF29C883EF0093BC03 /* Release */,
			);
			defaultConfigurationIsVisible = 0;
			defaultConfigurationName = Release;
		};
		B3C655C029C883EF0093BC03 /* Build configuration list for PBXNativeTarget "HWTests" */ = {
			isa = XCConfigurationList;
			buildConfigurations = (
				B3C655C129C883EF0093BC03 /* Debug */,
				B3C655C229C883EF0093BC03 /* Release */,
			);
			defaultConfigurationIsVisible = 0;
			defaultConfigurationName = Release;
		};
		B3C655C329C883EF0093BC03 /* Build configuration list for PBXNativeTarget "HWUITests" */ = {
			isa = XCConfigurationList;
			buildConfigurations = (
				B3C655C429C883EF0093BC03 /* Debug */,
				B3C655C529C883EF0093BC03 /* Release */,
			);
			defaultConfigurationIsVisible = 0;
			defaultConfigurationName = Release;
		};
/* End XCConfigurationList section */

/* Begin XCRemoteSwiftPackageReference section */
		B39E346529C9980B00934FA5 /* XCRemoteSwiftPackageReference "IQKeyboardManager" */ = {
			isa = XCRemoteSwiftPackageReference;
			repositoryURL = "https://github.com/hackiftekhar/IQKeyboardManager";
			requirement = {
				branch = master;
				kind = branch;
			};
		};
		B3DDE8B529DC4EE400D6E3BA /* XCRemoteSwiftPackageReference "Kingfisher" */ = {
			isa = XCRemoteSwiftPackageReference;
			repositoryURL = "https://github.com/onevcat/Kingfisher.git";
			requirement = {
				branch = master;
				kind = branch;
			};
		};
/* End XCRemoteSwiftPackageReference section */

/* Begin XCSwiftPackageProductDependency section */
		B3DDE8B629DC4EE400D6E3BA /* Kingfisher */ = {
			isa = XCSwiftPackageProductDependency;
			package = B3DDE8B529DC4EE400D6E3BA /* XCRemoteSwiftPackageReference "Kingfisher" */;
			productName = Kingfisher;
		};
/* End XCSwiftPackageProductDependency section */
	};
	rootObject = B3C6558B29C883ED0093BC03 /* Project object */;
}
